
Microsoft Visual Studio Solution File, Format Version 12.00
# Visual Studio Version 17
VisualStudioVersion = 17.14.36109.1 d17.14
MinimumVisualStudioVersion = 10.0.40219.1
Project("{FAE04EC0-301F-11D3-BF4B-00C04F79EFBC}") = "RolePredicateAsoz2", "RolePredicateAsoz2.csproj", "{82A1D6A1-9AE5-413F-92E6-D36F014CB45E}"
EndProject
Global
	GlobalSection(SolutionConfigurationPlatforms) = preSolution
		Debug|Any CPU = Debug|Any CPU
		Release|Any CPU = Release|Any CPU
	EndGlobalSection
	GlobalSection(ProjectConfigurationPlatforms) = postSolution
		{82A1D6A1-9AE5-413F-92E6-D36F014CB45E}.Debug|Any CPU.ActiveCfg = Debug|Any CPU
		{82A1D6A1-9AE5-413F-92E6-D36F014CB45E}.Debug|Any CPU.Build.0 = Debug|Any CPU
		{82A1D6A1-9AE5-413F-92E6-D36F014CB45E}.Release|Any CPU.ActiveCfg = Release|Any CPU
		{82A1D6A1-9AE5-413F-92E6-D36F014CB45E}.Release|Any CPU.Build.0 = Release|Any CPU
	EndGlobalSection
	GlobalSection(SolutionProperties) = preSolution
		HideSolutionNode = FALSE
	EndGlobalSection
	GlobalSection(ExtensibilityGlobals) = postSolution
		SolutionGuid = {275660A9-4EEA-45AE-B5F8-2AB61173DD80}
	EndGlobalSection
EndGlobal
